{
  "requires": true,
  "lockfileVersion": 1,
  "dependencies": {
    "@types/lodash": {
      "version": "4.14.171",
      "resolved": "https://registry.npmjs.org/@types/lodash/-/lodash-4.14.171.tgz",
      "integrity": "sha512-7eQ2xYLLI/LsicL2nejW9Wyko3lcpN6O/z0ZLHrEQsg280zIdCv1t/0m6UtBjUHokCGBQ3gYTbHzDkZ1xOBwwg=="
    },
    "@types/screeps": {
      "version": "3.2.3",
      "resolved": "https://registry.npmjs.org/@types/screeps/-/screeps-3.2.3.tgz",
      "integrity": "sha512-XJwbYyvGGu+nuxxGzTFv9dDO4+4XK+w7fi6k2l+mIvN2bZ9m0jNJPt3qIB4Z1OUc+lZnM0YYjXkTwqZQCZtvZw=="
    }
  }
}
